{
  "name": "serverless-http-trigger",
  "version": "1.0.9",
  "lockfileVersion": 1,
  "requires": true,
  "dependencies": {
    "serverless-lambda-event-helper": {
      "version": "1.0.14",
      "resolved": "https://registry.npmjs.org/serverless-lambda-event-helper/-/serverless-lambda-event-helper-1.0.14.tgz",
      "integrity": "sha512-p05uQ5SIkR7zWocO8pEvsiS/z4yEHKFnwX8mHcP9gZbck+oEaTwUMZGjaDYco4DBDn9sICgv/r+TBUlNRdwHpw=="
    },
    "serverless-lambda-http-response": {
      "version": "1.0.9",
      "resolved": "https://registry.npmjs.org/serverless-lambda-http-response/-/serverless-lambda-http-response-1.0.9.tgz",
      "integrity": "sha512-BsT4cN8tDD3rV7YY8gF3V2PwxH+pffsR+p5RocfL3i2Fu3y1ediyB1n7pcGf1SlNkX4eYguJOf7sPMQa0mGFvw=="
    }
  }
}
