{
  "name": "serverless-http-trigger",
  "version": "1.0.5",
  "lockfileVersion": 1,
  "requires": true,
  "dependencies": {
    "serverless-lambda-event-helper": {
      "version": "1.0.14",
      "resolved": "https://registry.npmjs.org/serverless-lambda-event-helper/-/serverless-lambda-event-helper-1.0.14.tgz",
      "integrity": "sha512-p05uQ5SIkR7zWocO8pEvsiS/z4yEHKFnwX8mHcP9gZbck+oEaTwUMZGjaDYco4DBDn9sICgv/r+TBUlNRdwHpw=="
    },
    "serverless-lambda-http-response": {
      "version": "1.0.8",
      "resolved": "https://registry.npmjs.org/serverless-lambda-http-response/-/serverless-lambda-http-response-1.0.8.tgz",
      "integrity": "sha512-oqzVT9rlk0LsTlTer7U4tIxkJ2MxIkQvMTH7RsDxmGW6k9YbQiMwI9H5d77oJwQizrmwd74UIE4NIVEFyNxjaA=="
    }
  }
}
