# THIS IS AN AUTOGENERATED FILE. DO NOT EDIT THIS FILE DIRECTLY.
# yarn lockfile v1


serverless-lambda-event-helper@^1.0.11:
  version "1.0.11"
  resolved "https://registry.yarnpkg.com/serverless-lambda-event-helper/-/serverless-lambda-event-helper-1.0.11.tgz#d36f94c7e0ea90377c2d20ead5d42c27d4496b49"

serverless-lambda-http-response@^1.0.5:
  version "1.0.5"
  resolved "https://registry.yarnpkg.com/serverless-lambda-http-response/-/serverless-lambda-http-response-1.0.5.tgz#834f6b298cf4c45a3471f4c97d866c363bdd5d59"
