# THIS IS AN AUTOGENERATED FILE. DO NOT EDIT THIS FILE DIRECTLY.
# yarn lockfile v1


"serverless-lambda-event-helper@git+https://github.com/chiiaik/serverless-lambda-event-helper.git":
  version "1.0.6"
  resolved "git+https://github.com/chiiaik/serverless-lambda-event-helper.git#97ad33ed6123c6452b0dcd8a0367b1f7a4d52dae"

"serverless-lambda-http-response@git+https://github.com/chiiaik/serverless-lambda-http-response.git":
  version "1.0.3"
  resolved "git+https://github.com/chiiaik/serverless-lambda-http-response.git#736eab33df8df03ba591b39d79365cf8e72ac29a"
